
Microsoft Visual Studio Solution File, Format Version 12.00
# Visual Studio 15
VisualStudioVersion = 15.0.28307.136
MinimumVisualStudioVersion = 10.0.40219.1
Project("{8BC9CEB8-8B4A-11D0-8D11-00A0C91BC942}") = "Chapter 2 - LinkedList", "Chapter 2 - LinkedList\Chapter 2 - LinkedList.vcxproj", "{451093DD-9DE7-41B4-A9E6-9DD92ED7B14D}"
EndProject
Global
	GlobalSection(SolutionConfigurationPlatforms) = preSolution
		Debug|x64 = Debug|x64
		Debug|x86 = Debug|x86
		Release|x64 = Release|x64
		Release|x86 = Release|x86
	EndGlobalSection
	GlobalSection(ProjectConfigurationPlatforms) = postSolution
		{451093DD-9DE7-41B4-A9E6-9DD92ED7B14D}.Debug|x64.ActiveCfg = Debug|x64
		{451093DD-9DE7-41B4-A9E6-9DD92ED7B14D}.Debug|x64.Build.0 = Debug|x64
		{451093DD-9DE7-41B4-A9E6-9DD92ED7B14D}.Debug|x86.ActiveCfg = Debug|Win32
		{451093DD-9DE7-41B4-A9E6-9DD92ED7B14D}.Debug|x86.Build.0 = Debug|Win32
		{451093DD-9DE7-41B4-A9E6-9DD92ED7B14D}.Release|x64.ActiveCfg = Release|x64
		{451093DD-9DE7-41B4-A9E6-9DD92ED7B14D}.Release|x64.Build.0 = Release|x64
		{451093DD-9DE7-41B4-A9E6-9DD92ED7B14D}.Release|x86.ActiveCfg = Release|Win32
		{451093DD-9DE7-41B4-A9E6-9DD92ED7B14D}.Release|x86.Build.0 = Release|Win32
	EndGlobalSection
	GlobalSection(SolutionProperties) = preSolution
		HideSolutionNode = FALSE
	EndGlobalSection
	GlobalSection(ExtensibilityGlobals) = postSolution
		SolutionGuid = {E7B0A224-089E-4B8B-88E7-9A5DA6019BC5}
	EndGlobalSection
EndGlobal
